
Microsoft Visual Studio Solution File, Format Version 12.00
# Visual Studio 15
VisualStudioVersion = 15.0.28010.2019
MinimumVisualStudioVersion = 10.0.40219.1
Project("{FAE04EC0-301F-11D3-BF4B-00C04F79EFBC}") = "CarNotifyWebApi", "CarNotifyWebApi\CarNotifyWebApi.csproj", "{F24B9D81-1B44-465C-BF5F-B561C92387DF}"
EndProject
Global
	GlobalSection(SolutionConfigurationPlatforms) = preSolution
		Debug|Any CPU = Debug|Any CPU
		Release|Any CPU = Release|Any CPU
	EndGlobalSection
	GlobalSection(ProjectConfigurationPlatforms) = postSolution
		{F24B9D81-1B44-465C-BF5F-B561C92387DF}.Debug|Any CPU.ActiveCfg = Debug|Any CPU
		{F24B9D81-1B44-465C-BF5F-B561C92387DF}.Debug|Any CPU.Build.0 = Debug|Any CPU
		{F24B9D81-1B44-465C-BF5F-B561C92387DF}.Release|Any CPU.ActiveCfg = Release|Any CPU
		{F24B9D81-1B44-465C-BF5F-B561C92387DF}.Release|Any CPU.Build.0 = Release|Any CPU
	EndGlobalSection
	GlobalSection(SolutionProperties) = preSolution
		HideSolutionNode = FALSE
	EndGlobalSection
	GlobalSection(ExtensibilityGlobals) = postSolution
		SolutionGuid = {44CD3809-FBD8-4115-9BD6-56A546E41801}
	EndGlobalSection
EndGlobal
